
Microsoft Visual Studio Solution File, Format Version 12.00
# Visual Studio Version 16
VisualStudioVersion = 16.0.30114.105
MinimumVisualStudioVersion = 10.0.40219.1
Project("{FAE04EC0-301F-11D3-BF4B-00C04F79EFBC}") = "sodafactoryapi", "sodafactoryapi\sodafactoryapi.csproj", "{BAF6B748-4806-4E94-A002-7AC1008D0A49}"
EndProject
Project("{FAE04EC0-301F-11D3-BF4B-00C04F79EFBC}") = "sodafactoryclient", "sodafactoryclient\sodafactoryclient.csproj", "{56247157-486F-4A96-AC49-85F100013A36}"
EndProject
Global
	GlobalSection(SolutionConfigurationPlatforms) = preSolution
		Debug|Any CPU = Debug|Any CPU
		Release|Any CPU = Release|Any CPU
	EndGlobalSection
	GlobalSection(SolutionProperties) = preSolution
		HideSolutionNode = FALSE
	EndGlobalSection
	GlobalSection(ProjectConfigurationPlatforms) = postSolution
		{BAF6B748-4806-4E94-A002-7AC1008D0A49}.Debug|Any CPU.ActiveCfg = Debug|Any CPU
		{BAF6B748-4806-4E94-A002-7AC1008D0A49}.Debug|Any CPU.Build.0 = Debug|Any CPU
		{BAF6B748-4806-4E94-A002-7AC1008D0A49}.Release|Any CPU.ActiveCfg = Release|Any CPU
		{BAF6B748-4806-4E94-A002-7AC1008D0A49}.Release|Any CPU.Build.0 = Release|Any CPU
		{56247157-486F-4A96-AC49-85F100013A36}.Debug|Any CPU.ActiveCfg = Debug|Any CPU
		{56247157-486F-4A96-AC49-85F100013A36}.Debug|Any CPU.Build.0 = Debug|Any CPU
		{56247157-486F-4A96-AC49-85F100013A36}.Release|Any CPU.ActiveCfg = Release|Any CPU
		{56247157-486F-4A96-AC49-85F100013A36}.Release|Any CPU.Build.0 = Release|Any CPU
	EndGlobalSection
EndGlobal
